
Microsoft Visual Studio Solution File, Format Version 12.00
# Visual Studio 15
VisualStudioVersion = 15.0.27703.2000
MinimumVisualStudioVersion = 10.0.40219.1
Project("{FAE04EC0-301F-11D3-BF4B-00C04F79EFBC}") = "Compilador", "Compilador\Compilador.csproj", "{A5BB39D6-CBCA-4D90-BE90-320B7B4213FC}"
EndProject
Global
	GlobalSection(SolutionConfigurationPlatforms) = preSolution
		Debug|Any CPU = Debug|Any CPU
		Release|Any CPU = Release|Any CPU
	EndGlobalSection
	GlobalSection(ProjectConfigurationPlatforms) = postSolution
		{A5BB39D6-CBCA-4D90-BE90-320B7B4213FC}.Debug|Any CPU.ActiveCfg = Debug|Any CPU
		{A5BB39D6-CBCA-4D90-BE90-320B7B4213FC}.Debug|Any CPU.Build.0 = Debug|Any CPU
		{A5BB39D6-CBCA-4D90-BE90-320B7B4213FC}.Release|Any CPU.ActiveCfg = Release|Any CPU
		{A5BB39D6-CBCA-4D90-BE90-320B7B4213FC}.Release|Any CPU.Build.0 = Release|Any CPU
	EndGlobalSection
	GlobalSection(SolutionProperties) = preSolution
		HideSolutionNode = FALSE
	EndGlobalSection
	GlobalSection(ExtensibilityGlobals) = postSolution
		SolutionGuid = {8A3E5414-624B-4100-B121-39F638BA7820}
	EndGlobalSection
EndGlobal
